
Microsoft Visual Studio Solution File, Format Version 12.00
# Visual Studio Version 17
VisualStudioVersion = 17.3.32901.215
MinimumVisualStudioVersion = 10.0.40219.1
Project("{FAE04EC0-301F-11D3-BF4B-00C04F79EFBC}") = "ehliyetdurum", "ehliyetdurum\ehliyetdurum.csproj", "{4D8EE9F2-7269-45EA-BB77-A28CAB325DEE}"
EndProject
Global
	GlobalSection(SolutionConfigurationPlatforms) = preSolution
		Debug|Any CPU = Debug|Any CPU
		Release|Any CPU = Release|Any CPU
	EndGlobalSection
	GlobalSection(ProjectConfigurationPlatforms) = postSolution
		{4D8EE9F2-7269-45EA-BB77-A28CAB325DEE}.Debug|Any CPU.ActiveCfg = Debug|Any CPU
		{4D8EE9F2-7269-45EA-BB77-A28CAB325DEE}.Debug|Any CPU.Build.0 = Debug|Any CPU
		{4D8EE9F2-7269-45EA-BB77-A28CAB325DEE}.Release|Any CPU.ActiveCfg = Release|Any CPU
		{4D8EE9F2-7269-45EA-BB77-A28CAB325DEE}.Release|Any CPU.Build.0 = Release|Any CPU
	EndGlobalSection
	GlobalSection(SolutionProperties) = preSolution
		HideSolutionNode = FALSE
	EndGlobalSection
	GlobalSection(ExtensibilityGlobals) = postSolution
		SolutionGuid = {912E7DA0-DFB2-43AF-B95B-21D43D97559C}
	EndGlobalSection
EndGlobal
